
Microsoft Visual Studio Solution File, Format Version 12.00
# Visual Studio Version 16
VisualStudioVersion = 16.0.29326.143
MinimumVisualStudioVersion = 10.0.40219.1
Project("{FAE04EC0-301F-11D3-BF4B-00C04F79EFBC}") = "WebApplication3", "WebApplication3\WebApplication3.csproj", "{C8CF798F-92A6-4BBF-A73B-076AEACF3DFD}"
EndProject
Global
	GlobalSection(SolutionConfigurationPlatforms) = preSolution
		Debug|Any CPU = Debug|Any CPU
		Release|Any CPU = Release|Any CPU
	EndGlobalSection
	GlobalSection(ProjectConfigurationPlatforms) = postSolution
		{C8CF798F-92A6-4BBF-A73B-076AEACF3DFD}.Debug|Any CPU.ActiveCfg = Debug|Any CPU
		{C8CF798F-92A6-4BBF-A73B-076AEACF3DFD}.Debug|Any CPU.Build.0 = Debug|Any CPU
		{C8CF798F-92A6-4BBF-A73B-076AEACF3DFD}.Release|Any CPU.ActiveCfg = Release|Any CPU
		{C8CF798F-92A6-4BBF-A73B-076AEACF3DFD}.Release|Any CPU.Build.0 = Release|Any CPU
	EndGlobalSection
	GlobalSection(SolutionProperties) = preSolution
		HideSolutionNode = FALSE
	EndGlobalSection
	GlobalSection(ExtensibilityGlobals) = postSolution
		SolutionGuid = {3FC1F268-3EB8-4E34-9065-A6DE605ED454}
	EndGlobalSection
EndGlobal
